
Microsoft Visual Studio Solution File, Format Version 12.00
# Visual Studio Version 17
VisualStudioVersion = 17.0.31903.59
MinimumVisualStudioVersion = 10.0.40219.1
Project("{FAE04EC0-301F-11D3-BF4B-00C04F79EFBC}") = "Console.Lib", "src\Console.Lib\Console.Lib.csproj", "{A1B2C3D4-E5F6-7890-ABCD-EF1234567890}"
EndProject
Project("{FAE04EC0-301F-11D3-BF4B-00C04F79EFBC}") = "Console.Lib.Tests", "src\Console.Lib.Tests\Console.Lib.Tests.csproj", "{C3D4E5F6-A7B8-9012-CDEF-123456789012}"
EndProject
Project("{2150E333-8FDC-42A3-9474-1A3956D46DE8}") = "examples", "examples", "{B36A84DF-456D-A817-6EDD-3EC3E7F6E11F}"
EndProject
Project("{2150E333-8FDC-42A3-9474-1A3956D46DE8}") = "LatexConsole", "LatexConsole", "{DA329D44-9E32-F5B2-61CB-22D996D86B13}"
EndProject
Project("{FAE04EC0-301F-11D3-BF4B-00C04F79EFBC}") = "Examples.LatexConsole", "examples\LatexConsole\Examples.LatexConsole.csproj", "{AE83EA4B-EB3A-48D9-AB18-FD222792EFA2}"
EndProject
Project("{2150E333-8FDC-42A3-9474-1A3956D46DE8}") = "MarkdownConsole", "MarkdownConsole", "{E58AFB7C-32F1-4D6C-9B0E-1AC8D4F71D24}"
EndProject
Project("{FAE04EC0-301F-11D3-BF4B-00C04F79EFBC}") = "Examples.MarkdownConsole", "examples\MarkdownConsole\Examples.MarkdownConsole.csproj", "{6B91D02E-4F58-4A0B-9D8C-3E5F0A2C9871}"
EndProject
Project("{2150E333-8FDC-42A3-9474-1A3956D46DE8}") = "src", "src", "{827E0CD3-B72D-47B6-A68D-7590B98EB39B}"
EndProject
Project("{FAE04EC0-301F-11D3-BF4B-00C04F79EFBC}") = "MdCat", "src\MdCat\MdCat.csproj", "{CF0A1E73-F0D0-4F93-92D0-094F495FCF24}"
EndProject
Project("{FAE04EC0-301F-11D3-BF4B-00C04F79EFBC}") = "Console.Lib.Inspector", "src\Console.Lib.Inspector\Console.Lib.Inspector.csproj", "{5587E91E-7934-4375-8E54-F10FB9370AD8}"
EndProject
Global
	GlobalSection(SolutionConfigurationPlatforms) = preSolution
		Debug|Any CPU = Debug|Any CPU
		Debug|x64 = Debug|x64
		Debug|x86 = Debug|x86
		Release|Any CPU = Release|Any CPU
		Release|x64 = Release|x64
		Release|x86 = Release|x86
	EndGlobalSection
	GlobalSection(ProjectConfigurationPlatforms) = postSolution
		{A1B2C3D4-E5F6-7890-ABCD-EF1234567890}.Debug|Any CPU.ActiveCfg = Debug|Any CPU
		{A1B2C3D4-E5F6-7890-ABCD-EF1234567890}.Debug|Any CPU.Build.0 = Debug|Any CPU
		{A1B2C3D4-E5F6-7890-ABCD-EF1234567890}.Debug|x64.ActiveCfg = Debug|Any CPU
		{A1B2C3D4-E5F6-7890-ABCD-EF1234567890}.Debug|x64.Build.0 = Debug|Any CPU
		{A1B2C3D4-E5F6-7890-ABCD-EF1234567890}.Debug|x86.ActiveCfg = Debug|Any CPU
		{A1B2C3D4-E5F6-7890-ABCD-EF1234567890}.Debug|x86.Build.0 = Debug|Any CPU
		{A1B2C3D4-E5F6-7890-ABCD-EF1234567890}.Release|Any CPU.ActiveCfg = Release|Any CPU
		{A1B2C3D4-E5F6-7890-ABCD-EF1234567890}.Release|Any CPU.Build.0 = Release|Any CPU
		{A1B2C3D4-E5F6-7890-ABCD-EF1234567890}.Release|x64.ActiveCfg = Release|Any CPU
		{A1B2C3D4-E5F6-7890-ABCD-EF1234567890}.Release|x64.Build.0 = Release|Any CPU
		{A1B2C3D4-E5F6-7890-ABCD-EF1234567890}.Release|x86.ActiveCfg = Release|Any CPU
		{A1B2C3D4-E5F6-7890-ABCD-EF1234567890}.Release|x86.Build.0 = Release|Any CPU
		{C3D4E5F6-A7B8-9012-CDEF-123456789012}.Debug|Any CPU.ActiveCfg = Debug|Any CPU
		{C3D4E5F6-A7B8-9012-CDEF-123456789012}.Debug|Any CPU.Build.0 = Debug|Any CPU
		{C3D4E5F6-A7B8-9012-CDEF-123456789012}.Debug|x64.ActiveCfg = Debug|Any CPU
		{C3D4E5F6-A7B8-9012-CDEF-123456789012}.Debug|x64.Build.0 = Debug|Any CPU
		{C3D4E5F6-A7B8-9012-CDEF-123456789012}.Debug|x86.ActiveCfg = Debug|Any CPU
		{C3D4E5F6-A7B8-9012-CDEF-123456789012}.Debug|x86.Build.0 = Debug|Any CPU
		{C3D4E5F6-A7B8-9012-CDEF-123456789012}.Release|Any CPU.ActiveCfg = Release|Any CPU
		{C3D4E5F6-A7B8-9012-CDEF-123456789012}.Release|Any CPU.Build.0 = Release|Any CPU
		{C3D4E5F6-A7B8-9012-CDEF-123456789012}.Release|x64.ActiveCfg = Release|Any CPU
		{C3D4E5F6-A7B8-9012-CDEF-123456789012}.Release|x64.Build.0 = Release|Any CPU
		{C3D4E5F6-A7B8-9012-CDEF-123456789012}.Release|x86.ActiveCfg = Release|Any CPU
		{C3D4E5F6-A7B8-9012-CDEF-123456789012}.Release|x86.Build.0 = Release|Any CPU
		{AE83EA4B-EB3A-48D9-AB18-FD222792EFA2}.Debug|Any CPU.ActiveCfg = Debug|Any CPU
		{AE83EA4B-EB3A-48D9-AB18-FD222792EFA2}.Debug|Any CPU.Build.0 = Debug|Any CPU
		{AE83EA4B-EB3A-48D9-AB18-FD222792EFA2}.Debug|x64.ActiveCfg = Debug|Any CPU
		{AE83EA4B-EB3A-48D9-AB18-FD222792EFA2}.Debug|x64.Build.0 = Debug|Any CPU
		{AE83EA4B-EB3A-48D9-AB18-FD222792EFA2}.Debug|x86.ActiveCfg = Debug|Any CPU
		{AE83EA4B-EB3A-48D9-AB18-FD222792EFA2}.Debug|x86.Build.0 = Debug|Any CPU
		{AE83EA4B-EB3A-48D9-AB18-FD222792EFA2}.Release|Any CPU.ActiveCfg = Release|Any CPU
		{AE83EA4B-EB3A-48D9-AB18-FD222792EFA2}.Release|Any CPU.Build.0 = Release|Any CPU
		{AE83EA4B-EB3A-48D9-AB18-FD222792EFA2}.Release|x64.ActiveCfg = Release|Any CPU
		{AE83EA4B-EB3A-48D9-AB18-FD222792EFA2}.Release|x64.Build.0 = Release|Any CPU
		{AE83EA4B-EB3A-48D9-AB18-FD222792EFA2}.Release|x86.ActiveCfg = Release|Any CPU
		{AE83EA4B-EB3A-48D9-AB18-FD222792EFA2}.Release|x86.Build.0 = Release|Any CPU
		{6B91D02E-4F58-4A0B-9D8C-3E5F0A2C9871}.Debug|Any CPU.ActiveCfg = Debug|Any CPU
		{6B91D02E-4F58-4A0B-9D8C-3E5F0A2C9871}.Debug|Any CPU.Build.0 = Debug|Any CPU
		{6B91D02E-4F58-4A0B-9D8C-3E5F0A2C9871}.Debug|x64.ActiveCfg = Debug|Any CPU
		{6B91D02E-4F58-4A0B-9D8C-3E5F0A2C9871}.Debug|x64.Build.0 = Debug|Any CPU
		{6B91D02E-4F58-4A0B-9D8C-3E5F0A2C9871}.Debug|x86.ActiveCfg = Debug|Any CPU
		{6B91D02E-4F58-4A0B-9D8C-3E5F0A2C9871}.Debug|x86.Build.0 = Debug|Any CPU
		{6B91D02E-4F58-4A0B-9D8C-3E5F0A2C9871}.Release|Any CPU.ActiveCfg = Release|Any CPU
		{6B91D02E-4F58-4A0B-9D8C-3E5F0A2C9871}.Release|Any CPU.Build.0 = Release|Any CPU
		{6B91D02E-4F58-4A0B-9D8C-3E5F0A2C9871}.Release|x64.ActiveCfg = Release|Any CPU
		{6B91D02E-4F58-4A0B-9D8C-3E5F0A2C9871}.Release|x64.Build.0 = Release|Any CPU
		{6B91D02E-4F58-4A0B-9D8C-3E5F0A2C9871}.Release|x86.ActiveCfg = Release|Any CPU
		{6B91D02E-4F58-4A0B-9D8C-3E5F0A2C9871}.Release|x86.Build.0 = Release|Any CPU
		{CF0A1E73-F0D0-4F93-92D0-094F495FCF24}.Debug|Any CPU.ActiveCfg = Debug|Any CPU
		{CF0A1E73-F0D0-4F93-92D0-094F495FCF24}.Debug|Any CPU.Build.0 = Debug|Any CPU
		{CF0A1E73-F0D0-4F93-92D0-094F495FCF24}.Debug|x64.ActiveCfg = Debug|Any CPU
		{CF0A1E73-F0D0-4F93-92D0-094F495FCF24}.Debug|x64.Build.0 = Debug|Any CPU
		{CF0A1E73-F0D0-4F93-92D0-094F495FCF24}.Debug|x86.ActiveCfg = Debug|Any CPU
		{CF0A1E73-F0D0-4F93-92D0-094F495FCF24}.Debug|x86.Build.0 = Debug|Any CPU
		{CF0A1E73-F0D0-4F93-92D0-094F495FCF24}.Release|Any CPU.ActiveCfg = Release|Any CPU
		{CF0A1E73-F0D0-4F93-92D0-094F495FCF24}.Release|Any CPU.Build.0 = Release|Any CPU
		{CF0A1E73-F0D0-4F93-92D0-094F495FCF24}.Release|x64.ActiveCfg = Release|Any CPU
		{CF0A1E73-F0D0-4F93-92D0-094F495FCF24}.Release|x64.Build.0 = Release|Any CPU
		{CF0A1E73-F0D0-4F93-92D0-094F495FCF24}.Release|x86.ActiveCfg = Release|Any CPU
		{CF0A1E73-F0D0-4F93-92D0-094F495FCF24}.Release|x86.Build.0 = Release|Any CPU
		{5587E91E-7934-4375-8E54-F10FB9370AD8}.Debug|Any CPU.ActiveCfg = Debug|Any CPU
		{5587E91E-7934-4375-8E54-F10FB9370AD8}.Debug|Any CPU.Build.0 = Debug|Any CPU
		{5587E91E-7934-4375-8E54-F10FB9370AD8}.Debug|x64.ActiveCfg = Debug|Any CPU
		{5587E91E-7934-4375-8E54-F10FB9370AD8}.Debug|x64.Build.0 = Debug|Any CPU
		{5587E91E-7934-4375-8E54-F10FB9370AD8}.Debug|x86.ActiveCfg = Debug|Any CPU
		{5587E91E-7934-4375-8E54-F10FB9370AD8}.Debug|x86.Build.0 = Debug|Any CPU
		{5587E91E-7934-4375-8E54-F10FB9370AD8}.Release|Any CPU.ActiveCfg = Release|Any CPU
		{5587E91E-7934-4375-8E54-F10FB9370AD8}.Release|Any CPU.Build.0 = Release|Any CPU
		{5587E91E-7934-4375-8E54-F10FB9370AD8}.Release|x64.ActiveCfg = Release|Any CPU
		{5587E91E-7934-4375-8E54-F10FB9370AD8}.Release|x64.Build.0 = Release|Any CPU
		{5587E91E-7934-4375-8E54-F10FB9370AD8}.Release|x86.ActiveCfg = Release|Any CPU
		{5587E91E-7934-4375-8E54-F10FB9370AD8}.Release|x86.Build.0 = Release|Any CPU
	EndGlobalSection
	GlobalSection(SolutionProperties) = preSolution
		HideSolutionNode = FALSE
	EndGlobalSection
	GlobalSection(NestedProjects) = preSolution
		{DA329D44-9E32-F5B2-61CB-22D996D86B13} = {B36A84DF-456D-A817-6EDD-3EC3E7F6E11F}
		{AE83EA4B-EB3A-48D9-AB18-FD222792EFA2} = {DA329D44-9E32-F5B2-61CB-22D996D86B13}
		{CF0A1E73-F0D0-4F93-92D0-094F495FCF24} = {827E0CD3-B72D-47B6-A68D-7590B98EB39B}
		{5587E91E-7934-4375-8E54-F10FB9370AD8} = {827E0CD3-B72D-47B6-A68D-7590B98EB39B}
	EndGlobalSection
EndGlobal
